// !$*UTF8*$!
{
	archiveVersion = 1;
	classes = {
	};
	objectVersion = 55;
	objects = {

/* Begin PBXBuildFile section */
		12CB923628EC5D1C002BD7B2 /* RemindApp.swift in Sources */ = {isa = PBXBuildFile; fileRef = 12CB923528EC5D1C002BD7B2 /* RemindApp.swift */; };
		12CB923828EC5D1C002BD7B2 /* ContentView.swift in Sources */ = {isa = PBXBuildFile; fileRef = 12CB923728EC5D1C002BD7B2 /* ContentView.swift */; };
		12CB923A28EC5D1E002BD7B2 /* Assets.xcassets in Resources */ = {isa = PBXBuildFile; fileRef = 12CB923928EC5D1E002BD7B2 /* Assets.xcassets */; };
		12CB923D28EC5D1E002BD7B2 /* Preview Assets.xcassets in Resources */ = {isa = PBXBuildFile; fileRef = 12CB923C28EC5D1E002BD7B2 /* Preview Assets.xcassets */; };
		12CB924528EC5DDC002BD7B2 /* AdMobViewModels.swift in Sources */ = {isa = PBXBuildFile; fileRef = 12CB924428EC5DDC002BD7B2 /* AdMobViewModels.swift */; };
		12CB924828EC5E1C002BD7B2 /* NotificationRequestModel.swift in Sources */ = {isa = PBXBuildFile; fileRef = 12CB924728EC5E1C002BD7B2 /* NotificationRequestModel.swift */; };
		12CB924A28EC681D002BD7B2 /* Notification.swift in Sources */ = {isa = PBXBuildFile; fileRef = 12CB924928EC681D002BD7B2 /* Notification.swift */; };
		12CB924C28EC6A4B002BD7B2 /* ListNotificationView.swift in Sources */ = {isa = PBXBuildFile; fileRef = 12CB924B28EC6A4B002BD7B2 /* ListNotificationView.swift */; };
		12CB924E28EC6A69002BD7B2 /* EntryNotificationView.swift in Sources */ = {isa = PBXBuildFile; fileRef = 12CB924D28EC6A69002BD7B2 /* EntryNotificationView.swift */; };
		12CB925028ECD9BD002BD7B2 /* RowNotificationView.swift in Sources */ = {isa = PBXBuildFile; fileRef = 12CB924F28ECD9BD002BD7B2 /* RowNotificationView.swift */; };
		12CB925228ED9C2C002BD7B2 /* AppDelegate.swift in Sources */ = {isa = PBXBuildFile; fileRef = 12CB925128ED9C2C002BD7B2 /* AppDelegate.swift */; };
		12DF5EAE2919AC7400BE121B /* OldNotification.swift in Sources */ = {isa = PBXBuildFile; fileRef = 12DF5EAD2919AC7300BE121B /* OldNotification.swift */; };
		12E43AD329B76C7800602954 /* RealmDataBaseModel.swift in Sources */ = {isa = PBXBuildFile; fileRef = 12E43AD229B76C7800602954 /* RealmDataBaseModel.swift */; };
		12E43AD529B772D200602954 /* DisplayDateViewModel.swift in Sources */ = {isa = PBXBuildFile; fileRef = 12E43AD429B772D200602954 /* DisplayDateViewModel.swift */; };
		12E43AD729B774F900602954 /* NotificationViewModel.swift in Sources */ = {isa = PBXBuildFile; fileRef = 12E43AD629B774F900602954 /* NotificationViewModel.swift */; };
		12E43ADA29B7E5AE00602954 /* DatePickerView.swift in Sources */ = {isa = PBXBuildFile; fileRef = 12E43AD929B7E5AE00602954 /* DatePickerView.swift */; };
		12E43ADC29B7E6AA00602954 /* NotificationTextFieldView.swift in Sources */ = {isa = PBXBuildFile; fileRef = 12E43ADB29B7E6AA00602954 /* NotificationTextFieldView.swift */; };
		12E43ADE29B89EA900602954 /* RealmDataBaseViewModel.swift in Sources */ = {isa = PBXBuildFile; fileRef = 12E43ADD29B89EA900602954 /* RealmDataBaseViewModel.swift */; };
		12E43AE029B8B73E00602954 /* DeviceSizeModel.swift in Sources */ = {isa = PBXBuildFile; fileRef = 12E43ADF29B8B73E00602954 /* DeviceSizeModel.swift */; };
		12E43AE229B8C39500602954 /* TimePickerView.swift in Sources */ = {isa = PBXBuildFile; fileRef = 12E43AE129B8C39500602954 /* TimePickerView.swift */; };
		12E43AFE29BCAE6900602954 /* HeaderView.swift in Sources */ = {isa = PBXBuildFile; fileRef = 12E43AFD29BCAE6900602954 /* HeaderView.swift */; };
		12E43B0129BE7C8900602954 /* ExtensionViewModifier.swift in Sources */ = {isa = PBXBuildFile; fileRef = 12E43B0029BE7C8900602954 /* ExtensionViewModifier.swift */; };
		12E43B0329BE7DB100602954 /* DateTimeControlContainerView.swift in Sources */ = {isa = PBXBuildFile; fileRef = 12E43B0229BE7DB100602954 /* DateTimeControlContainerView.swift */; };
		12E43B0529BE7FFA00602954 /* EntryButtonView.swift in Sources */ = {isa = PBXBuildFile; fileRef = 12E43B0429BE7FFA00602954 /* EntryButtonView.swift */; };
		30609773A5684DBC239DD064 /* Pods_Remind.framework in Frameworks */ = {isa = PBXBuildFile; fileRef = 2A7C6E869B67E57297E72AEB /* Pods_Remind.framework */; };
/* End PBXBuildFile section */

/* Begin PBXFileReference section */
		12CB923228EC5D1C002BD7B2 /* Remind.app */ = {isa = PBXFileReference; explicitFileType = wrapper.application; includeInIndex = 0; path = Remind.app; sourceTree = BUILT_PRODUCTS_DIR; };
		12CB923528EC5D1C002BD7B2 /* RemindApp.swift */ = {isa = PBXFileReference; lastKnownFileType = sourcecode.swift; path = RemindApp.swift; sourceTree = "<group>"; };
		12CB923728EC5D1C002BD7B2 /* ContentView.swift */ = {isa = PBXFileReference; lastKnownFileType = sourcecode.swift; path = ContentView.swift; sourceTree = "<group>"; };
		12CB923928EC5D1E002BD7B2 /* Assets.xcassets */ = {isa = PBXFileReference; lastKnownFileType = folder.assetcatalog; path = Assets.xcassets; sourceTree = "<group>"; };
		12CB923C28EC5D1E002BD7B2 /* Preview Assets.xcassets */ = {isa = PBXFileReference; lastKnownFileType = folder.assetcatalog; path = "Preview Assets.xcassets"; sourceTree = "<group>"; };
		12CB924328EC5D88002BD7B2 /* Info.plist */ = {isa = PBXFileReference; lastKnownFileType = text.plist; path = Info.plist; sourceTree = "<group>"; };
		12CB924428EC5DDC002BD7B2 /* AdMobViewModels.swift */ = {isa = PBXFileReference; lastKnownFileType = sourcecode.swift; path = AdMobViewModels.swift; sourceTree = "<group>"; };
		12CB924728EC5E1C002BD7B2 /* NotificationRequestModel.swift */ = {isa = PBXFileReference; lastKnownFileType = sourcecode.swift; path = NotificationRequestModel.swift; sourceTree = "<group>"; };
		12CB924928EC681D002BD7B2 /* Notification.swift */ = {isa = PBXFileReference; lastKnownFileType = sourcecode.swift; path = Notification.swift; sourceTree = "<group>"; };
		12CB924B28EC6A4B002BD7B2 /* ListNotificationView.swift */ = {isa = PBXFileReference; lastKnownFileType = sourcecode.swift; path = ListNotificationView.swift; sourceTree = "<group>"; };
		12CB924D28EC6A69002BD7B2 /* EntryNotificationView.swift */ = {isa = PBXFileReference; lastKnownFileType = sourcecode.swift; path = EntryNotificationView.swift; sourceTree = "<group>"; };
		12CB924F28ECD9BD002BD7B2 /* RowNotificationView.swift */ = {isa = PBXFileReference; lastKnownFileType = sourcecode.swift; path = RowNotificationView.swift; sourceTree = "<group>"; };
		12CB925128ED9C2C002BD7B2 /* AppDelegate.swift */ = {isa = PBXFileReference; lastKnownFileType = sourcecode.swift; path = AppDelegate.swift; sourceTree = "<group>"; };
		12DF5EAD2919AC7300BE121B /* OldNotification.swift */ = {isa = PBXFileReference; lastKnownFileType = sourcecode.swift; path = OldNotification.swift; sourceTree = "<group>"; };
		12E43AD229B76C7800602954 /* RealmDataBaseModel.swift */ = {isa = PBXFileReference; lastKnownFileType = sourcecode.swift; path = RealmDataBaseModel.swift; sourceTree = "<group>"; };
		12E43AD429B772D200602954 /* DisplayDateViewModel.swift */ = {isa = PBXFileReference; lastKnownFileType = sourcecode.swift; path = DisplayDateViewModel.swift; sourceTree = "<group>"; };
		12E43AD629B774F900602954 /* NotificationViewModel.swift */ = {isa = PBXFileReference; lastKnownFileType = sourcecode.swift; path = NotificationViewModel.swift; sourceTree = "<group>"; };
		12E43AD929B7E5AE00602954 /* DatePickerView.swift */ = {isa = PBXFileReference; lastKnownFileType = sourcecode.swift; path = DatePickerView.swift; sourceTree = "<group>"; };
		12E43ADB29B7E6AA00602954 /* NotificationTextFieldView.swift */ = {isa = PBXFileReference; lastKnownFileType = sourcecode.swift; path = NotificationTextFieldView.swift; sourceTree = "<group>"; };
		12E43ADD29B89EA900602954 /* RealmDataBaseViewModel.swift */ = {isa = PBXFileReference; lastKnownFileType = sourcecode.swift; path = RealmDataBaseViewModel.swift; sourceTree = "<group>"; };
		12E43ADF29B8B73E00602954 /* DeviceSizeModel.swift */ = {isa = PBXFileReference; lastKnownFileType = sourcecode.swift; path = DeviceSizeModel.swift; sourceTree = "<group>"; };
		12E43AE129B8C39500602954 /* TimePickerView.swift */ = {isa = PBXFileReference; lastKnownFileType = sourcecode.swift; path = TimePickerView.swift; sourceTree = "<group>"; };
		12E43AFD29BCAE6900602954 /* HeaderView.swift */ = {isa = PBXFileReference; lastKnownFileType = sourcecode.swift; path = HeaderView.swift; sourceTree = "<group>"; };
		12E43B0029BE7C8900602954 /* ExtensionViewModifier.swift */ = {isa = PBXFileReference; lastKnownFileType = sourcecode.swift; path = ExtensionViewModifier.swift; sourceTree = "<group>"; };
		12E43B0229BE7DB100602954 /* DateTimeControlContainerView.swift */ = {isa = PBXFileReference; lastKnownFileType = sourcecode.swift; path = DateTimeControlContainerView.swift; sourceTree = "<group>"; };
		12E43B0429BE7FFA00602954 /* EntryButtonView.swift */ = {isa = PBXFileReference; lastKnownFileType = sourcecode.swift; path = EntryButtonView.swift; sourceTree = "<group>"; };
		2A7C6E869B67E57297E72AEB /* Pods_Remind.framework */ = {isa = PBXFileReference; explicitFileType = wrapper.framework; includeInIndex = 0; path = Pods_Remind.framework; sourceTree = BUILT_PRODUCTS_DIR; };
		6375C9E1021A020E6066A02C /* Pods-Remind.release.xcconfig */ = {isa = PBXFileReference; includeInIndex = 1; lastKnownFileType = text.xcconfig; name = "Pods-Remind.release.xcconfig"; path = "Target Support Files/Pods-Remind/Pods-Remind.release.xcconfig"; sourceTree = "<group>"; };
		E498C19703821C5148B2EF5B /* Pods-Remind.debug.xcconfig */ = {isa = PBXFileReference; includeInIndex = 1; lastKnownFileType = text.xcconfig; name = "Pods-Remind.debug.xcconfig"; path = "Target Support Files/Pods-Remind/Pods-Remind.debug.xcconfig"; sourceTree = "<group>"; };
/* End PBXFileReference section */

/* Begin PBXFrameworksBuildPhase section */
		12CB922F28EC5D1C002BD7B2 /* Frameworks */ = {
			isa = PBXFrameworksBuildPhase;
			buildActionMask = 2147483647;
			files = (
				30609773A5684DBC239DD064 /* Pods_Remind.framework in Frameworks */,
			);
			runOnlyForDeploymentPostprocessing = 0;
		};
/* End PBXFrameworksBuildPhase section */

/* Begin PBXGroup section */
		12CB922928EC5D1C002BD7B2 = {
			isa = PBXGroup;
			children = (
				12CB923428EC5D1C002BD7B2 /* Remind */,
				12CB923328EC5D1C002BD7B2 /* Products */,
				7EAF4D3A4FED40495FF4E998 /* Pods */,
				6EC8F9E221D5480302C8914F /* Frameworks */,
			);
			sourceTree = "<group>";
		};
		12CB923328EC5D1C002BD7B2 /* Products */ = {
			isa = PBXGroup;
			children = (
				12CB923228EC5D1C002BD7B2 /* Remind.app */,
			);
			name = Products;
			sourceTree = "<group>";
		};
		12CB923428EC5D1C002BD7B2 /* Remind */ = {
			isa = PBXGroup;
			children = (
				12CB924328EC5D88002BD7B2 /* Info.plist */,
				12CB925128ED9C2C002BD7B2 /* AppDelegate.swift */,
				12CB923528EC5D1C002BD7B2 /* RemindApp.swift */,
				12CB923728EC5D1C002BD7B2 /* ContentView.swift */,
				12E43AFF29BE7C5200602954 /* Extensions */,
				12E43AD029B76B1700602954 /* Views */,
				12E43ACC29B762CA00602954 /* ViewModels */,
				12CB924628EC5DDF002BD7B2 /* Models */,
				12CB923928EC5D1E002BD7B2 /* Assets.xcassets */,
				12CB923B28EC5D1E002BD7B2 /* Preview Content */,
			);
			path = Remind;
			sourceTree = "<group>";
		};
		12CB923B28EC5D1E002BD7B2 /* Preview Content */ = {
			isa = PBXGroup;
			children = (
				12CB923C28EC5D1E002BD7B2 /* Preview Assets.xcassets */,
			);
			path = "Preview Content";
			sourceTree = "<group>";
		};
		12CB924628EC5DDF002BD7B2 /* Models */ = {
			isa = PBXGroup;
			children = (
				12CB924928EC681D002BD7B2 /* Notification.swift */,
				12CB924728EC5E1C002BD7B2 /* NotificationRequestModel.swift */,
				12E43AD229B76C7800602954 /* RealmDataBaseModel.swift */,
				12E43ADF29B8B73E00602954 /* DeviceSizeModel.swift */,
			);
			path = Models;
			sourceTree = "<group>";
		};
		12E43ACC29B762CA00602954 /* ViewModels */ = {
			isa = PBXGroup;
			children = (
				12E43AD629B774F900602954 /* NotificationViewModel.swift */,
				12E43ADD29B89EA900602954 /* RealmDataBaseViewModel.swift */,
				12E43AD429B772D200602954 /* DisplayDateViewModel.swift */,
				12CB924428EC5DDC002BD7B2 /* AdMobViewModels.swift */,
			);
			path = ViewModels;
			sourceTree = "<group>";
		};
		12E43AD029B76B1700602954 /* Views */ = {
			isa = PBXGroup;
			children = (
				12CB924D28EC6A69002BD7B2 /* EntryNotificationView.swift */,
				12CB924B28EC6A4B002BD7B2 /* ListNotificationView.swift */,
				12DF5EAD2919AC7300BE121B /* OldNotification.swift */,
				12CB924F28ECD9BD002BD7B2 /* RowNotificationView.swift */,
				12E43AD129B76BA500602954 /* ViewComponents */,
			);
			path = Views;
			sourceTree = "<group>";
		};
		12E43AD129B76BA500602954 /* ViewComponents */ = {
			isa = PBXGroup;
			children = (
				12E43AFD29BCAE6900602954 /* HeaderView.swift */,
				12E43AD829B7E53700602954 /* EntryNotification */,
			);
			path = ViewComponents;
			sourceTree = "<group>";
		};
		12E43AD829B7E53700602954 /* EntryNotification */ = {
			isa = PBXGroup;
			children = (
				12E43B0229BE7DB100602954 /* DateTimeControlContainerView.swift */,
				12E43ADB29B7E6AA00602954 /* NotificationTextFieldView.swift */,
				12E43B0429BE7FFA00602954 /* EntryButtonView.swift */,
				12E43B0629BF38B800602954 /*  DateTimeContainerView */,
			);
			path = EntryNotification;
			sourceTree = "<group>";
		};
		12E43AFF29BE7C5200602954 /* Extensions */ = {
			isa = PBXGroup;
			children = (
				12E43B0029BE7C8900602954 /* ExtensionViewModifier.swift */,
			);
			path = Extensions;
			sourceTree = "<group>";
		};
		12E43B0629BF38B800602954 /*  DateTimeContainerView */ = {
			isa = PBXGroup;
			children = (
				12E43AD929B7E5AE00602954 /* DatePickerView.swift */,
				12E43AE129B8C39500602954 /* TimePickerView.swift */,
			);
			path = " DateTimeContainerView";
			sourceTree = "<group>";
		};
		6EC8F9E221D5480302C8914F /* Frameworks */ = {
			isa = PBXGroup;
			children = (
				2A7C6E869B67E57297E72AEB /* Pods_Remind.framework */,
			);
			name = Frameworks;
			sourceTree = "<group>";
		};
		7EAF4D3A4FED40495FF4E998 /* Pods */ = {
			isa = PBXGroup;
			children = (
				E498C19703821C5148B2EF5B /* Pods-Remind.debug.xcconfig */,
				6375C9E1021A020E6066A02C /* Pods-Remind.release.xcconfig */,
			);
			path = Pods;
			sourceTree = "<group>";
		};
/* End PBXGroup section */

/* Begin PBXNativeTarget section */
		12CB923128EC5D1C002BD7B2 /* Remind */ = {
			isa = PBXNativeTarget;
			buildConfigurationList = 12CB924028EC5D1E002BD7B2 /* Build configuration list for PBXNativeTarget "Remind" */;
			buildPhases = (
				EEE164E029ACEDAB9C681513 /* [CP] Check Pods Manifest.lock */,
				12CB922E28EC5D1C002BD7B2 /* Sources */,
				12CB922F28EC5D1C002BD7B2 /* Frameworks */,
				12CB923028EC5D1C002BD7B2 /* Resources */,
				1FF4B90BF062C4909E687A57 /* [CP] Embed Pods Frameworks */,
			);
			buildRules = (
			);
			dependencies = (
			);
			name = Remind;
			productName = Remind;
			productReference = 12CB923228EC5D1C002BD7B2 /* Remind.app */;
			productType = "com.apple.product-type.application";
		};
/* End PBXNativeTarget section */

/* Begin PBXProject section */
		12CB922A28EC5D1C002BD7B2 /* Project object */ = {
			isa = PBXProject;
			attributes = {
				BuildIndependentTargetsInParallel = 1;
				LastSwiftUpdateCheck = 1340;
				LastUpgradeCheck = 1340;
				TargetAttributes = {
					12CB923128EC5D1C002BD7B2 = {
						CreatedOnToolsVersion = 13.4.1;
					};
				};
			};
			buildConfigurationList = 12CB922D28EC5D1C002BD7B2 /* Build configuration list for PBXProject "Remind" */;
			compatibilityVersion = "Xcode 13.0";
			developmentRegion = en;
			hasScannedForEncodings = 0;
			knownRegions = (
				en,
				Base,
			);
			mainGroup = 12CB922928EC5D1C002BD7B2;
			productRefGroup = 12CB923328EC5D1C002BD7B2 /* Products */;
			projectDirPath = "";
			projectRoot = "";
			targets = (
				12CB923128EC5D1C002BD7B2 /* Remind */,
			);
		};
/* End PBXProject section */

/* Begin PBXResourcesBuildPhase section */
		12CB923028EC5D1C002BD7B2 /* Resources */ = {
			isa = PBXResourcesBuildPhase;
			buildActionMask = 2147483647;
			files = (
				12CB923D28EC5D1E002BD7B2 /* Preview Assets.xcassets in Resources */,
				12CB923A28EC5D1E002BD7B2 /* Assets.xcassets in Resources */,
			);
			runOnlyForDeploymentPostprocessing = 0;
		};
/* End PBXResourcesBuildPhase section */

/* Begin PBXShellScriptBuildPhase section */
		1FF4B90BF062C4909E687A57 /* [CP] Embed Pods Frameworks */ = {
			isa = PBXShellScriptBuildPhase;
			buildActionMask = 2147483647;
			files = (
			);
			inputFileListPaths = (
				"${PODS_ROOT}/Target Support Files/Pods-Remind/Pods-Remind-frameworks-${CONFIGURATION}-input-files.xcfilelist",
			);
			name = "[CP] Embed Pods Frameworks";
			outputFileListPaths = (
				"${PODS_ROOT}/Target Support Files/Pods-Remind/Pods-Remind-frameworks-${CONFIGURATION}-output-files.xcfilelist",
			);
			runOnlyForDeploymentPostprocessing = 0;
			shellPath = /bin/sh;
			shellScript = "\"${PODS_ROOT}/Target Support Files/Pods-Remind/Pods-Remind-frameworks.sh\"\n";
			showEnvVarsInLog = 0;
		};
		EEE164E029ACEDAB9C681513 /* [CP] Check Pods Manifest.lock */ = {
			isa = PBXShellScriptBuildPhase;
			buildActionMask = 2147483647;
			files = (
			);
			inputFileListPaths = (
			);
			inputPaths = (
				"${PODS_PODFILE_DIR_PATH}/Podfile.lock",
				"${PODS_ROOT}/Manifest.lock",
			);
			name = "[CP] Check Pods Manifest.lock";
			outputFileListPaths = (
			);
			outputPaths = (
				"$(DERIVED_FILE_DIR)/Pods-Remind-checkManifestLockResult.txt",
			);
			runOnlyForDeploymentPostprocessing = 0;
			shellPath = /bin/sh;
			shellScript = "diff \"${PODS_PODFILE_DIR_PATH}/Podfile.lock\" \"${PODS_ROOT}/Manifest.lock\" > /dev/null\nif [ $? != 0 ] ; then\n    # print error to STDERR\n    echo \"error: The sandbox is not in sync with the Podfile.lock. Run 'pod install' or update your CocoaPods installation.\" >&2\n    exit 1\nfi\n# This output is used by Xcode 'outputs' to avoid re-running this script phase.\necho \"SUCCESS\" > \"${SCRIPT_OUTPUT_FILE_0}\"\n";
			showEnvVarsInLog = 0;
		};
/* End PBXShellScriptBuildPhase section */

/* Begin PBXSourcesBuildPhase section */
		12CB922E28EC5D1C002BD7B2 /* Sources */ = {
			isa = PBXSourcesBuildPhase;
			buildActionMask = 2147483647;
			files = (
				12CB924828EC5E1C002BD7B2 /* NotificationRequestModel.swift in Sources */,
				12E43AE229B8C39500602954 /* TimePickerView.swift in Sources */,
				12E43B0329BE7DB100602954 /* DateTimeControlContainerView.swift in Sources */,
				12CB924C28EC6A4B002BD7B2 /* ListNotificationView.swift in Sources */,
				12E43AD729B774F900602954 /* NotificationViewModel.swift in Sources */,
				12CB924A28EC681D002BD7B2 /* Notification.swift in Sources */,
				12E43B0129BE7C8900602954 /* ExtensionViewModifier.swift in Sources */,
				12E43ADC29B7E6AA00602954 /* NotificationTextFieldView.swift in Sources */,
				12E43AFE29BCAE6900602954 /* HeaderView.swift in Sources */,
				12E43B0529BE7FFA00602954 /* EntryButtonView.swift in Sources */,
				12CB925228ED9C2C002BD7B2 /* AppDelegate.swift in Sources */,
				12E43AE029B8B73E00602954 /* DeviceSizeModel.swift in Sources */,
				12E43ADA29B7E5AE00602954 /* DatePickerView.swift in Sources */,
				12CB923828EC5D1C002BD7B2 /* ContentView.swift in Sources */,
				12CB923628EC5D1C002BD7B2 /* RemindApp.swift in Sources */,
				12DF5EAE2919AC7400BE121B /* OldNotification.swift in Sources */,
				12CB924E28EC6A69002BD7B2 /* EntryNotificationView.swift in Sources */,
				12CB925028ECD9BD002BD7B2 /* RowNotificationView.swift in Sources */,
				12E43AD529B772D200602954 /* DisplayDateViewModel.swift in Sources */,
				12E43ADE29B89EA900602954 /* RealmDataBaseViewModel.swift in Sources */,
				12E43AD329B76C7800602954 /* RealmDataBaseModel.swift in Sources */,
				12CB924528EC5DDC002BD7B2 /* AdMobViewModels.swift in Sources */,
			);
			runOnlyForDeploymentPostprocessing = 0;
		};
/* End PBXSourcesBuildPhase section */

/* Begin XCBuildConfiguration section */
		12CB923E28EC5D1E002BD7B2 /* Debug */ = {
			isa = XCBuildConfiguration;
			buildSettings = {
				ALWAYS_SEARCH_USER_PATHS = NO;
				CLANG_ANALYZER_NONNULL = YES;
				CLANG_ANALYZER_NUMBER_OBJECT_CONVERSION = YES_AGGRESSIVE;
				CLANG_CXX_LANGUAGE_STANDARD = "gnu++17";
				CLANG_ENABLE_MODULES = YES;
				CLANG_ENABLE_OBJC_ARC = YES;
				CLANG_ENABLE_OBJC_WEAK = YES;
				CLANG_WARN_BLOCK_CAPTURE_AUTORELEASING = YES;
				CLANG_WARN_BOOL_CONVERSION = YES;
				CLANG_WARN_COMMA = YES;
				CLANG_WARN_CONSTANT_CONVERSION = YES;
				CLANG_WARN_DEPRECATED_OBJC_IMPLEMENTATIONS = YES;
				CLANG_WARN_DIRECT_OBJC_ISA_USAGE = YES_ERROR;
				CLANG_WARN_DOCUMENTATION_COMMENTS = YES;
				CLANG_WARN_EMPTY_BODY = YES;
				CLANG_WARN_ENUM_CONVERSION = YES;
				CLANG_WARN_INFINITE_RECURSION = YES;
				CLANG_WARN_INT_CONVERSION = YES;
				CLANG_WARN_NON_LITERAL_NULL_CONVERSION = YES;
				CLANG_WARN_OBJC_IMPLICIT_RETAIN_SELF = YES;
				CLANG_WARN_OBJC_LITERAL_CONVERSION = YES;
				CLANG_WARN_OBJC_ROOT_CLASS = YES_ERROR;
				CLANG_WARN_QUOTED_INCLUDE_IN_FRAMEWORK_HEADER = YES;
				CLANG_WARN_RANGE_LOOP_ANALYSIS = YES;
				CLANG_WARN_STRICT_PROTOTYPES = YES;
				CLANG_WARN_SUSPICIOUS_MOVE = YES;
				CLANG_WARN_UNGUARDED_AVAILABILITY = YES_AGGRESSIVE;
				CLANG_WARN_UNREACHABLE_CODE = YES;
				CLANG_WARN__DUPLICATE_METHOD_MATCH = YES;
				COPY_PHASE_STRIP = NO;
				DEBUG_INFORMATION_FORMAT = dwarf;
				ENABLE_STRICT_OBJC_MSGSEND = YES;
				ENABLE_TESTABILITY = YES;
				GCC_C_LANGUAGE_STANDARD = gnu11;
				GCC_DYNAMIC_NO_PIC = NO;
				GCC_NO_COMMON_BLOCKS = YES;
				GCC_OPTIMIZATION_LEVEL = 0;
				GCC_PREPROCESSOR_DEFINITIONS = (
					"DEBUG=1",
					"$(inherited)",
				);
				GCC_WARN_64_TO_32_BIT_CONVERSION = YES;
				GCC_WARN_ABOUT_RETURN_TYPE = YES_ERROR;
				GCC_WARN_UNDECLARED_SELECTOR = YES;
				GCC_WARN_UNINITIALIZED_AUTOS = YES_AGGRESSIVE;
				GCC_WARN_UNUSED_FUNCTION = YES;
				GCC_WARN_UNUSED_VARIABLE = YES;
				IPHONEOS_DEPLOYMENT_TARGET = 15.5;
				MTL_ENABLE_DEBUG_INFO = INCLUDE_SOURCE;
				MTL_FAST_MATH = YES;
				ONLY_ACTIVE_ARCH = YES;
				SDKROOT = iphoneos;
				SWIFT_ACTIVE_COMPILATION_CONDITIONS = DEBUG;
				SWIFT_OPTIMIZATION_LEVEL = "-Onone";
			};
			name = Debug;
		};
		12CB923F28EC5D1E002BD7B2 /* Release */ = {
			isa = XCBuildConfiguration;
			buildSettings = {
				ALWAYS_SEARCH_USER_PATHS = NO;
				CLANG_ANALYZER_NONNULL = YES;
				CLANG_ANALYZER_NUMBER_OBJECT_CONVERSION = YES_AGGRESSIVE;
				CLANG_CXX_LANGUAGE_STANDARD = "gnu++17";
				CLANG_ENABLE_MODULES = YES;
				CLANG_ENABLE_OBJC_ARC = YES;
				CLANG_ENABLE_OBJC_WEAK = YES;
				CLANG_WARN_BLOCK_CAPTURE_AUTORELEASING = YES;
				CLANG_WARN_BOOL_CONVERSION = YES;
				CLANG_WARN_COMMA = YES;
				CLANG_WARN_CONSTANT_CONVERSION = YES;
				CLANG_WARN_DEPRECATED_OBJC_IMPLEMENTATIONS = YES;
				CLANG_WARN_DIRECT_OBJC_ISA_USAGE = YES_ERROR;
				CLANG_WARN_DOCUMENTATION_COMMENTS = YES;
				CLANG_WARN_EMPTY_BODY = YES;
				CLANG_WARN_ENUM_CONVERSION = YES;
				CLANG_WARN_INFINITE_RECURSION = YES;
				CLANG_WARN_INT_CONVERSION = YES;
				CLANG_WARN_NON_LITERAL_NULL_CONVERSION = YES;
				CLANG_WARN_OBJC_IMPLICIT_RETAIN_SELF = YES;
				CLANG_WARN_OBJC_LITERAL_CONVERSION = YES;
				CLANG_WARN_OBJC_ROOT_CLASS = YES_ERROR;
				CLANG_WARN_QUOTED_INCLUDE_IN_FRAMEWORK_HEADER = YES;
				CLANG_WARN_RANGE_LOOP_ANALYSIS = YES;
				CLANG_WARN_STRICT_PROTOTYPES = YES;
				CLANG_WARN_SUSPICIOUS_MOVE = YES;
				CLANG_WARN_UNGUARDED_AVAILABILITY = YES_AGGRESSIVE;
				CLANG_WARN_UNREACHABLE_CODE = YES;
				CLANG_WARN__DUPLICATE_METHOD_MATCH = YES;
				COPY_PHASE_STRIP = NO;
				DEBUG_INFORMATION_FORMAT = "dwarf-with-dsym";
				ENABLE_NS_ASSERTIONS = NO;
				ENABLE_STRICT_OBJC_MSGSEND = YES;
				GCC_C_LANGUAGE_STANDARD = gnu11;
				GCC_NO_COMMON_BLOCKS = YES;
				GCC_WARN_64_TO_32_BIT_CONVERSION = YES;
				GCC_WARN_ABOUT_RETURN_TYPE = YES_ERROR;
				GCC_WARN_UNDECLARED_SELECTOR = YES;
				GCC_WARN_UNINITIALIZED_AUTOS = YES_AGGRESSIVE;
				GCC_WARN_UNUSED_FUNCTION = YES;
				GCC_WARN_UNUSED_VARIABLE = YES;
				IPHONEOS_DEPLOYMENT_TARGET = 15.5;
				MTL_ENABLE_DEBUG_INFO = NO;
				MTL_FAST_MATH = YES;
				SDKROOT = iphoneos;
				SWIFT_COMPILATION_MODE = wholemodule;
				SWIFT_OPTIMIZATION_LEVEL = "-O";
				VALIDATE_PRODUCT = YES;
			};
			name = Release;
		};
		12CB924128EC5D1E002BD7B2 /* Debug */ = {
			isa = XCBuildConfiguration;
			baseConfigurationReference = E498C19703821C5148B2EF5B /* Pods-Remind.debug.xcconfig */;
			buildSettings = {
				ASSETCATALOG_COMPILER_APPICON_NAME = AppIcon;
				ASSETCATALOG_COMPILER_GLOBAL_ACCENT_COLOR_NAME = AccentColor;
				CODE_SIGN_STYLE = Automatic;
				CURRENT_PROJECT_VERSION = 8;
				DEVELOPMENT_ASSET_PATHS = "\"Remind/Preview Content\"";
				DEVELOPMENT_TEAM = CGD79LB65H;
				ENABLE_PREVIEWS = YES;
				GENERATE_INFOPLIST_FILE = YES;
				INFOPLIST_FILE = Remind/Info.plist;
				INFOPLIST_KEY_UIApplicationSceneManifest_Generation = YES;
				INFOPLIST_KEY_UIApplicationSupportsIndirectInputEvents = YES;
				INFOPLIST_KEY_UILaunchScreen_Generation = YES;
				INFOPLIST_KEY_UISupportedInterfaceOrientations_iPad = "UIInterfaceOrientationPortrait UIInterfaceOrientationPortraitUpsideDown UIInterfaceOrientationLandscapeLeft UIInterfaceOrientationLandscapeRight";
				INFOPLIST_KEY_UISupportedInterfaceOrientations_iPhone = "UIInterfaceOrientationPortrait UIInterfaceOrientationLandscapeLeft UIInterfaceOrientationLandscapeRight";
				LD_RUNPATH_SEARCH_PATHS = (
					"$(inherited)",
					"@executable_path/Frameworks",
				);
				MARKETING_VERSION = 3.0.1;
				PRODUCT_BUNDLE_IDENTIFIER = com.ame.Remind;
				PRODUCT_NAME = "$(TARGET_NAME)";
				SWIFT_EMIT_LOC_STRINGS = YES;
				SWIFT_VERSION = 5.0;
				TARGETED_DEVICE_FAMILY = "1,2";
			};
			name = Debug;
		};
		12CB924228EC5D1E002BD7B2 /* Release */ = {
			isa = XCBuildConfiguration;
			baseConfigurationReference = 6375C9E1021A020E6066A02C /* Pods-Remind.release.xcconfig */;
			buildSettings = {
				ASSETCATALOG_COMPILER_APPICON_NAME = AppIcon;
				ASSETCATALOG_COMPILER_GLOBAL_ACCENT_COLOR_NAME = AccentColor;
				CODE_SIGN_STYLE = Automatic;
				CURRENT_PROJECT_VERSION = 8;
				DEVELOPMENT_ASSET_PATHS = "\"Remind/Preview Content\"";
				DEVELOPMENT_TEAM = CGD79LB65H;
				ENABLE_PREVIEWS = YES;
				GENERATE_INFOPLIST_FILE = YES;
				INFOPLIST_FILE = Remind/Info.plist;
				INFOPLIST_KEY_UIApplicationSceneManifest_Generation = YES;
				INFOPLIST_KEY_UIApplicationSupportsIndirectInputEvents = YES;
				INFOPLIST_KEY_UILaunchScreen_Generation = YES;
				INFOPLIST_KEY_UISupportedInterfaceOrientations_iPad = "UIInterfaceOrientationPortrait UIInterfaceOrientationPortraitUpsideDown UIInterfaceOrientationLandscapeLeft UIInterfaceOrientationLandscapeRight";
				INFOPLIST_KEY_UISupportedInterfaceOrientations_iPhone = "UIInterfaceOrientationPortrait UIInterfaceOrientationLandscapeLeft UIInterfaceOrientationLandscapeRight";
				LD_RUNPATH_SEARCH_PATHS = (
					"$(inherited)",
					"@executable_path/Frameworks",
				);
				MARKETING_VERSION = 3.0.1;
				PRODUCT_BUNDLE_IDENTIFIER = com.ame.Remind;
				PRODUCT_NAME = "$(TARGET_NAME)";
				SWIFT_EMIT_LOC_STRINGS = YES;
				SWIFT_VERSION = 5.0;
				TARGETED_DEVICE_FAMILY = "1,2";
			};
			name = Release;
		};
/* End XCBuildConfiguration section */

/* Begin XCConfigurationList section */
		12CB922D28EC5D1C002BD7B2 /* Build configuration list for PBXProject "Remind" */ = {
			isa = XCConfigurationList;
			buildConfigurations = (
				12CB923E28EC5D1E002BD7B2 /* Debug */,
				12CB923F28EC5D1E002BD7B2 /* Release */,
			);
			defaultConfigurationIsVisible = 0;
			defaultConfigurationName = Release;
		};
		12CB924028EC5D1E002BD7B2 /* Build configuration list for PBXNativeTarget "Remind" */ = {
			isa = XCConfigurationList;
			buildConfigurations = (
				12CB924128EC5D1E002BD7B2 /* Debug */,
				12CB924228EC5D1E002BD7B2 /* Release */,
			);
			defaultConfigurationIsVisible = 0;
			defaultConfigurationName = Release;
		};
/* End XCConfigurationList section */
	};
	rootObject = 12CB922A28EC5D1C002BD7B2 /* Project object */;
}
